
Microsoft Visual Studio Solution File, Format Version 12.00
# Visual Studio Version 17
VisualStudioVersion = 17.0.32112.339
MinimumVisualStudioVersion = 10.0.40219.1
Project("{9A19103F-16F7-4668-BE54-9A1E7A4F7556}") = "Tests", "tests\Tests\Tests.csproj", "{A6B79146-761A-40C3-951D-7415297792FD}"
EndProject
Project("{9A19103F-16F7-4668-BE54-9A1E7A4F7556}") = "RepoZ.App.Win", "src\RepoZ.App.Win\RepoZ.App.Win.csproj", "{15B095B0-474F-46EE-A880-70EFA4204579}"
EndProject
Project("{9A19103F-16F7-4668-BE54-9A1E7A4F7556}") = "Specs", "tests\Specs\Specs.csproj", "{C91C3255-637F-45D4-93C0-6A26B4E99FC1}"
EndProject
Project("{9A19103F-16F7-4668-BE54-9A1E7A4F7556}") = "grrui", "src\grrui\grrui.csproj", "{350BAB52-335E-4D14-B46A-9A6CF0786519}"
EndProject
Project("{9A19103F-16F7-4668-BE54-9A1E7A4F7556}") = "RepoZ.Ipc", "src\RepoZ.Ipc\RepoZ.Ipc.csproj", "{B38E49E8-4691-4D3B-982E-41F8E8B527E3}"
EndProject
Project("{9A19103F-16F7-4668-BE54-9A1E7A4F7556}") = "grr", "src\grr\grr.csproj", "{D5772395-C27C-4BB5-86DA-42DF7388A19B}"
EndProject
Project("{9A19103F-16F7-4668-BE54-9A1E7A4F7556}") = "RepoZ.Api", "src\RepoZ.Api\RepoZ.Api.csproj", "{699FA61D-A44D-4710-A6DD-52016DAC51D7}"
EndProject
Project("{9A19103F-16F7-4668-BE54-9A1E7A4F7556}") = "RepoZ.Api.Win", "src\RepoZ.Api.Win\RepoZ.Api.Win.csproj", "{8CA82EB1-0240-4744-A40E-BEF454BF11B5}"
EndProject
Project("{9A19103F-16F7-4668-BE54-9A1E7A4F7556}") = "RepoZ.Api.Common", "src\RepoZ.Api.Common\RepoZ.Api.Common.csproj", "{469C750E-7E80-472B-8C16-A7AD221DAE86}"
EndProject
Project("{9A19103F-16F7-4668-BE54-9A1E7A4F7556}") = "RepoZ.Plugin.LuceneSearch", "src\RepoZ.Plugin.LuceneSearch\RepoZ.Plugin.LuceneSearch.csproj", "{409FE957-77C4-40E9-80F2-EBE26676645E}"
EndProject
Project("{9A19103F-16F7-4668-BE54-9A1E7A4F7556}") = "RepoZ.Plugin.LuceneSearch.Tests", "tests\RepoZ.Plugin.LuceneSearch.Tests\RepoZ.Plugin.LuceneSearch.Tests.csproj", "{48ED60BB-E01F-4395-978E-D25C11C25E52}"
EndProject
Project("{9A19103F-16F7-4668-BE54-9A1E7A4F7556}") = "RepoZ.Plugin.WindowsExplorerGitInfo", "src\RepoZ.Plugin.WindowsExplorerGitInfo\RepoZ.Plugin.WindowsExplorerGitInfo.csproj", "{6214312F-61F1-4F4C-A9E2-3383987DE266}"
EndProject
Project("{2150E333-8FDC-42A3-9474-1A3956D46DE8}") = "Modules", "Modules", "{D6E372DC-10D3-4997-9DFC-568B4666635A}"
EndProject
Project("{9A19103F-16F7-4668-BE54-9A1E7A4F7556}") = "RepoZ.Api.Common.Tests", "tests\RepoZ.Api.Common.Tests\RepoZ.Api.Common.Tests.csproj", "{60920D6B-248F-4E90-A34F-9BBB4F494209}"
EndProject
Project("{9A19103F-16F7-4668-BE54-9A1E7A4F7556}") = "RepoZ.Plugin.IpcService", "src\RepoZ.Plugin.IpcService\RepoZ.Plugin.IpcService.csproj", "{01F564A1-BA9F-4BC4-A3AF-D9CDE4B654DE}"
EndProject
Project("{9A19103F-16F7-4668-BE54-9A1E7A4F7556}") = "RepoZ.Plugin.EverythingFileSearch", "src\RepoZ.Plugin.EverythingFileSearch\RepoZ.Plugin.EverythingFileSearch.csproj", "{C85EAF73-3491-4C67-9047-B677CC999184}"
EndProject
Global
	GlobalSection(SolutionConfigurationPlatforms) = preSolution
		Debug|Any CPU = Debug|Any CPU
		Debug|ARM = Debug|ARM
		Debug|ARM64 = Debug|ARM64
		Debug|x64 = Debug|x64
		Debug|x86 = Debug|x86
		Release|Any CPU = Release|Any CPU
		Release|ARM = Release|ARM
		Release|ARM64 = Release|ARM64
		Release|x64 = Release|x64
		Release|x86 = Release|x86
	EndGlobalSection
	GlobalSection(ProjectConfigurationPlatforms) = postSolution
		{A6B79146-761A-40C3-951D-7415297792FD}.Debug|Any CPU.ActiveCfg = Debug|Any CPU
		{A6B79146-761A-40C3-951D-7415297792FD}.Debug|Any CPU.Build.0 = Debug|Any CPU
		{A6B79146-761A-40C3-951D-7415297792FD}.Debug|ARM.ActiveCfg = Debug|Any CPU
		{A6B79146-761A-40C3-951D-7415297792FD}.Debug|ARM.Build.0 = Debug|Any CPU
		{A6B79146-761A-40C3-951D-7415297792FD}.Debug|ARM64.ActiveCfg = Debug|Any CPU
		{A6B79146-761A-40C3-951D-7415297792FD}.Debug|ARM64.Build.0 = Debug|Any CPU
		{A6B79146-761A-40C3-951D-7415297792FD}.Debug|x64.ActiveCfg = Debug|Any CPU
		{A6B79146-761A-40C3-951D-7415297792FD}.Debug|x64.Build.0 = Debug|Any CPU
		{A6B79146-761A-40C3-951D-7415297792FD}.Debug|x86.ActiveCfg = Debug|Any CPU
		{A6B79146-761A-40C3-951D-7415297792FD}.Debug|x86.Build.0 = Debug|Any CPU
		{A6B79146-761A-40C3-951D-7415297792FD}.Release|Any CPU.ActiveCfg = Release|Any CPU
		{A6B79146-761A-40C3-951D-7415297792FD}.Release|Any CPU.Build.0 = Release|Any CPU
		{A6B79146-761A-40C3-951D-7415297792FD}.Release|ARM.ActiveCfg = Release|Any CPU
		{A6B79146-761A-40C3-951D-7415297792FD}.Release|ARM.Build.0 = Release|Any CPU
		{A6B79146-761A-40C3-951D-7415297792FD}.Release|ARM64.ActiveCfg = Release|Any CPU
		{A6B79146-761A-40C3-951D-7415297792FD}.Release|ARM64.Build.0 = Release|Any CPU
		{A6B79146-761A-40C3-951D-7415297792FD}.Release|x64.ActiveCfg = Release|Any CPU
		{A6B79146-761A-40C3-951D-7415297792FD}.Release|x64.Build.0 = Release|Any CPU
		{A6B79146-761A-40C3-951D-7415297792FD}.Release|x86.ActiveCfg = Release|Any CPU
		{A6B79146-761A-40C3-951D-7415297792FD}.Release|x86.Build.0 = Release|Any CPU
		{15B095B0-474F-46EE-A880-70EFA4204579}.Debug|Any CPU.ActiveCfg = Debug|Any CPU
		{15B095B0-474F-46EE-A880-70EFA4204579}.Debug|Any CPU.Build.0 = Debug|Any CPU
		{15B095B0-474F-46EE-A880-70EFA4204579}.Debug|ARM.ActiveCfg = Debug|Any CPU
		{15B095B0-474F-46EE-A880-70EFA4204579}.Debug|ARM.Build.0 = Debug|Any CPU
		{15B095B0-474F-46EE-A880-70EFA4204579}.Debug|ARM64.ActiveCfg = Debug|Any CPU
		{15B095B0-474F-46EE-A880-70EFA4204579}.Debug|ARM64.Build.0 = Debug|Any CPU
		{15B095B0-474F-46EE-A880-70EFA4204579}.Debug|x64.ActiveCfg = Debug|Any CPU
		{15B095B0-474F-46EE-A880-70EFA4204579}.Debug|x64.Build.0 = Debug|Any CPU
		{15B095B0-474F-46EE-A880-70EFA4204579}.Debug|x86.ActiveCfg = Debug|Any CPU
		{15B095B0-474F-46EE-A880-70EFA4204579}.Debug|x86.Build.0 = Debug|Any CPU
		{15B095B0-474F-46EE-A880-70EFA4204579}.Release|Any CPU.ActiveCfg = Release|Any CPU
		{15B095B0-474F-46EE-A880-70EFA4204579}.Release|Any CPU.Build.0 = Release|Any CPU
		{15B095B0-474F-46EE-A880-70EFA4204579}.Release|ARM.ActiveCfg = Release|Any CPU
		{15B095B0-474F-46EE-A880-70EFA4204579}.Release|ARM.Build.0 = Release|Any CPU
		{15B095B0-474F-46EE-A880-70EFA4204579}.Release|ARM64.ActiveCfg = Release|Any CPU
		{15B095B0-474F-46EE-A880-70EFA4204579}.Release|ARM64.Build.0 = Release|Any CPU
		{15B095B0-474F-46EE-A880-70EFA4204579}.Release|x64.ActiveCfg = Release|Any CPU
		{15B095B0-474F-46EE-A880-70EFA4204579}.Release|x64.Build.0 = Release|Any CPU
		{15B095B0-474F-46EE-A880-70EFA4204579}.Release|x86.ActiveCfg = Release|Any CPU
		{15B095B0-474F-46EE-A880-70EFA4204579}.Release|x86.Build.0 = Release|Any CPU
		{C91C3255-637F-45D4-93C0-6A26B4E99FC1}.Debug|Any CPU.ActiveCfg = Debug|Any CPU
		{C91C3255-637F-45D4-93C0-6A26B4E99FC1}.Debug|Any CPU.Build.0 = Debug|Any CPU
		{C91C3255-637F-45D4-93C0-6A26B4E99FC1}.Debug|ARM.ActiveCfg = Debug|Any CPU
		{C91C3255-637F-45D4-93C0-6A26B4E99FC1}.Debug|ARM.Build.0 = Debug|Any CPU
		{C91C3255-637F-45D4-93C0-6A26B4E99FC1}.Debug|ARM64.ActiveCfg = Debug|Any CPU
		{C91C3255-637F-45D4-93C0-6A26B4E99FC1}.Debug|ARM64.Build.0 = Debug|Any CPU
		{C91C3255-637F-45D4-93C0-6A26B4E99FC1}.Debug|x64.ActiveCfg = Debug|Any CPU
		{C91C3255-637F-45D4-93C0-6A26B4E99FC1}.Debug|x64.Build.0 = Debug|Any CPU
		{C91C3255-637F-45D4-93C0-6A26B4E99FC1}.Debug|x86.ActiveCfg = Debug|Any CPU
		{C91C3255-637F-45D4-93C0-6A26B4E99FC1}.Debug|x86.Build.0 = Debug|Any CPU
		{C91C3255-637F-45D4-93C0-6A26B4E99FC1}.Release|Any CPU.ActiveCfg = Release|Any CPU
		{C91C3255-637F-45D4-93C0-6A26B4E99FC1}.Release|Any CPU.Build.0 = Release|Any CPU
		{C91C3255-637F-45D4-93C0-6A26B4E99FC1}.Release|ARM.ActiveCfg = Release|Any CPU
		{C91C3255-637F-45D4-93C0-6A26B4E99FC1}.Release|ARM.Build.0 = Release|Any CPU
		{C91C3255-637F-45D4-93C0-6A26B4E99FC1}.Release|ARM64.ActiveCfg = Release|Any CPU
		{C91C3255-637F-45D4-93C0-6A26B4E99FC1}.Release|ARM64.Build.0 = Release|Any CPU
		{C91C3255-637F-45D4-93C0-6A26B4E99FC1}.Release|x64.ActiveCfg = Release|Any CPU
		{C91C3255-637F-45D4-93C0-6A26B4E99FC1}.Release|x64.Build.0 = Release|Any CPU
		{C91C3255-637F-45D4-93C0-6A26B4E99FC1}.Release|x86.ActiveCfg = Release|Any CPU
		{C91C3255-637F-45D4-93C0-6A26B4E99FC1}.Release|x86.Build.0 = Release|Any CPU
		{350BAB52-335E-4D14-B46A-9A6CF0786519}.Debug|Any CPU.ActiveCfg = Debug|Any CPU
		{350BAB52-335E-4D14-B46A-9A6CF0786519}.Debug|Any CPU.Build.0 = Debug|Any CPU
		{350BAB52-335E-4D14-B46A-9A6CF0786519}.Debug|ARM.ActiveCfg = Debug|Any CPU
		{350BAB52-335E-4D14-B46A-9A6CF0786519}.Debug|ARM.Build.0 = Debug|Any CPU
		{350BAB52-335E-4D14-B46A-9A6CF0786519}.Debug|ARM64.ActiveCfg = Debug|Any CPU
		{350BAB52-335E-4D14-B46A-9A6CF0786519}.Debug|ARM64.Build.0 = Debug|Any CPU
		{350BAB52-335E-4D14-B46A-9A6CF0786519}.Debug|x64.ActiveCfg = Debug|Any CPU
		{350BAB52-335E-4D14-B46A-9A6CF0786519}.Debug|x64.Build.0 = Debug|Any CPU
		{350BAB52-335E-4D14-B46A-9A6CF0786519}.Debug|x86.ActiveCfg = Debug|Any CPU
		{350BAB52-335E-4D14-B46A-9A6CF0786519}.Debug|x86.Build.0 = Debug|Any CPU
		{350BAB52-335E-4D14-B46A-9A6CF0786519}.Release|Any CPU.ActiveCfg = Release|Any CPU
		{350BAB52-335E-4D14-B46A-9A6CF0786519}.Release|Any CPU.Build.0 = Release|Any CPU
		{350BAB52-335E-4D14-B46A-9A6CF0786519}.Release|ARM.ActiveCfg = Release|Any CPU
		{350BAB52-335E-4D14-B46A-9A6CF0786519}.Release|ARM.Build.0 = Release|Any CPU
		{350BAB52-335E-4D14-B46A-9A6CF0786519}.Release|ARM64.ActiveCfg = Release|Any CPU
		{350BAB52-335E-4D14-B46A-9A6CF0786519}.Release|ARM64.Build.0 = Release|Any CPU
		{350BAB52-335E-4D14-B46A-9A6CF0786519}.Release|x64.ActiveCfg = Release|Any CPU
		{350BAB52-335E-4D14-B46A-9A6CF0786519}.Release|x64.Build.0 = Release|Any CPU
		{350BAB52-335E-4D14-B46A-9A6CF0786519}.Release|x86.ActiveCfg = Release|Any CPU
		{350BAB52-335E-4D14-B46A-9A6CF0786519}.Release|x86.Build.0 = Release|Any CPU
		{B38E49E8-4691-4D3B-982E-41F8E8B527E3}.Debug|Any CPU.ActiveCfg = Debug|Any CPU
		{B38E49E8-4691-4D3B-982E-41F8E8B527E3}.Debug|Any CPU.Build.0 = Debug|Any CPU
		{B38E49E8-4691-4D3B-982E-41F8E8B527E3}.Debug|ARM.ActiveCfg = Debug|Any CPU
		{B38E49E8-4691-4D3B-982E-41F8E8B527E3}.Debug|ARM.Build.0 = Debug|Any CPU
		{B38E49E8-4691-4D3B-982E-41F8E8B527E3}.Debug|ARM64.ActiveCfg = Debug|Any CPU
		{B38E49E8-4691-4D3B-982E-41F8E8B527E3}.Debug|ARM64.Build.0 = Debug|Any CPU
		{B38E49E8-4691-4D3B-982E-41F8E8B527E3}.Debug|x64.ActiveCfg = Debug|Any CPU
		{B38E49E8-4691-4D3B-982E-41F8E8B527E3}.Debug|x64.Build.0 = Debug|Any CPU
		{B38E49E8-4691-4D3B-982E-41F8E8B527E3}.Debug|x86.ActiveCfg = Debug|Any CPU
		{B38E49E8-4691-4D3B-982E-41F8E8B527E3}.Debug|x86.Build.0 = Debug|Any CPU
		{B38E49E8-4691-4D3B-982E-41F8E8B527E3}.Release|Any CPU.ActiveCfg = Release|Any CPU
		{B38E49E8-4691-4D3B-982E-41F8E8B527E3}.Release|Any CPU.Build.0 = Release|Any CPU
		{B38E49E8-4691-4D3B-982E-41F8E8B527E3}.Release|ARM.ActiveCfg = Release|Any CPU
		{B38E49E8-4691-4D3B-982E-41F8E8B527E3}.Release|ARM.Build.0 = Release|Any CPU
		{B38E49E8-4691-4D3B-982E-41F8E8B527E3}.Release|ARM64.ActiveCfg = Release|Any CPU
		{B38E49E8-4691-4D3B-982E-41F8E8B527E3}.Release|ARM64.Build.0 = Release|Any CPU
		{B38E49E8-4691-4D3B-982E-41F8E8B527E3}.Release|x64.ActiveCfg = Release|Any CPU
		{B38E49E8-4691-4D3B-982E-41F8E8B527E3}.Release|x64.Build.0 = Release|Any CPU
		{B38E49E8-4691-4D3B-982E-41F8E8B527E3}.Release|x86.ActiveCfg = Release|Any CPU
		{B38E49E8-4691-4D3B-982E-41F8E8B527E3}.Release|x86.Build.0 = Release|Any CPU
		{D5772395-C27C-4BB5-86DA-42DF7388A19B}.Debug|Any CPU.ActiveCfg = Debug|Any CPU
		{D5772395-C27C-4BB5-86DA-42DF7388A19B}.Debug|Any CPU.Build.0 = Debug|Any CPU
		{D5772395-C27C-4BB5-86DA-42DF7388A19B}.Debug|ARM.ActiveCfg = Debug|Any CPU
		{D5772395-C27C-4BB5-86DA-42DF7388A19B}.Debug|ARM.Build.0 = Debug|Any CPU
		{D5772395-C27C-4BB5-86DA-42DF7388A19B}.Debug|ARM64.ActiveCfg = Debug|Any CPU
		{D5772395-C27C-4BB5-86DA-42DF7388A19B}.Debug|ARM64.Build.0 = Debug|Any CPU
		{D5772395-C27C-4BB5-86DA-42DF7388A19B}.Debug|x64.ActiveCfg = Debug|Any CPU
		{D5772395-C27C-4BB5-86DA-42DF7388A19B}.Debug|x64.Build.0 = Debug|Any CPU
		{D5772395-C27C-4BB5-86DA-42DF7388A19B}.Debug|x86.ActiveCfg = Debug|Any CPU
		{D5772395-C27C-4BB5-86DA-42DF7388A19B}.Debug|x86.Build.0 = Debug|Any CPU
		{D5772395-C27C-4BB5-86DA-42DF7388A19B}.Release|Any CPU.ActiveCfg = Release|Any CPU
		{D5772395-C27C-4BB5-86DA-42DF7388A19B}.Release|Any CPU.Build.0 = Release|Any CPU
		{D5772395-C27C-4BB5-86DA-42DF7388A19B}.Release|ARM.ActiveCfg = Release|Any CPU
		{D5772395-C27C-4BB5-86DA-42DF7388A19B}.Release|ARM.Build.0 = Release|Any CPU
		{D5772395-C27C-4BB5-86DA-42DF7388A19B}.Release|ARM64.ActiveCfg = Release|Any CPU
		{D5772395-C27C-4BB5-86DA-42DF7388A19B}.Release|ARM64.Build.0 = Release|Any CPU
		{D5772395-C27C-4BB5-86DA-42DF7388A19B}.Release|x64.ActiveCfg = Release|Any CPU
		{D5772395-C27C-4BB5-86DA-42DF7388A19B}.Release|x64.Build.0 = Release|Any CPU
		{D5772395-C27C-4BB5-86DA-42DF7388A19B}.Release|x86.ActiveCfg = Release|Any CPU
		{D5772395-C27C-4BB5-86DA-42DF7388A19B}.Release|x86.Build.0 = Release|Any CPU
		{699FA61D-A44D-4710-A6DD-52016DAC51D7}.Debug|Any CPU.ActiveCfg = Debug|Any CPU
		{699FA61D-A44D-4710-A6DD-52016DAC51D7}.Debug|Any CPU.Build.0 = Debug|Any CPU
		{699FA61D-A44D-4710-A6DD-52016DAC51D7}.Debug|ARM.ActiveCfg = Debug|Any CPU
		{699FA61D-A44D-4710-A6DD-52016DAC51D7}.Debug|ARM.Build.0 = Debug|Any CPU
		{699FA61D-A44D-4710-A6DD-52016DAC51D7}.Debug|ARM64.ActiveCfg = Debug|Any CPU
		{699FA61D-A44D-4710-A6DD-52016DAC51D7}.Debug|ARM64.Build.0 = Debug|Any CPU
		{699FA61D-A44D-4710-A6DD-52016DAC51D7}.Debug|x64.ActiveCfg = Debug|Any CPU
		{699FA61D-A44D-4710-A6DD-52016DAC51D7}.Debug|x64.Build.0 = Debug|Any CPU
		{699FA61D-A44D-4710-A6DD-52016DAC51D7}.Debug|x86.ActiveCfg = Debug|Any CPU
		{699FA61D-A44D-4710-A6DD-52016DAC51D7}.Debug|x86.Build.0 = Debug|Any CPU
		{699FA61D-A44D-4710-A6DD-52016DAC51D7}.Release|Any CPU.ActiveCfg = Release|Any CPU
		{699FA61D-A44D-4710-A6DD-52016DAC51D7}.Release|Any CPU.Build.0 = Release|Any CPU
		{699FA61D-A44D-4710-A6DD-52016DAC51D7}.Release|ARM.ActiveCfg = Release|Any CPU
		{699FA61D-A44D-4710-A6DD-52016DAC51D7}.Release|ARM.Build.0 = Release|Any CPU
		{699FA61D-A44D-4710-A6DD-52016DAC51D7}.Release|ARM64.ActiveCfg = Release|Any CPU
		{699FA61D-A44D-4710-A6DD-52016DAC51D7}.Release|ARM64.Build.0 = Release|Any CPU
		{699FA61D-A44D-4710-A6DD-52016DAC51D7}.Release|x64.ActiveCfg = Release|Any CPU
		{699FA61D-A44D-4710-A6DD-52016DAC51D7}.Release|x64.Build.0 = Release|Any CPU
		{699FA61D-A44D-4710-A6DD-52016DAC51D7}.Release|x86.ActiveCfg = Release|Any CPU
		{699FA61D-A44D-4710-A6DD-52016DAC51D7}.Release|x86.Build.0 = Release|Any CPU
		{8CA82EB1-0240-4744-A40E-BEF454BF11B5}.Debug|Any CPU.ActiveCfg = Debug|Any CPU
		{8CA82EB1-0240-4744-A40E-BEF454BF11B5}.Debug|Any CPU.Build.0 = Debug|Any CPU
		{8CA82EB1-0240-4744-A40E-BEF454BF11B5}.Debug|ARM.ActiveCfg = Debug|Any CPU
		{8CA82EB1-0240-4744-A40E-BEF454BF11B5}.Debug|ARM.Build.0 = Debug|Any CPU
		{8CA82EB1-0240-4744-A40E-BEF454BF11B5}.Debug|ARM64.ActiveCfg = Debug|Any CPU
		{8CA82EB1-0240-4744-A40E-BEF454BF11B5}.Debug|ARM64.Build.0 = Debug|Any CPU
		{8CA82EB1-0240-4744-A40E-BEF454BF11B5}.Debug|x64.ActiveCfg = Debug|Any CPU
		{8CA82EB1-0240-4744-A40E-BEF454BF11B5}.Debug|x64.Build.0 = Debug|Any CPU
		{8CA82EB1-0240-4744-A40E-BEF454BF11B5}.Debug|x86.ActiveCfg = Debug|Any CPU
		{8CA82EB1-0240-4744-A40E-BEF454BF11B5}.Debug|x86.Build.0 = Debug|Any CPU
		{8CA82EB1-0240-4744-A40E-BEF454BF11B5}.Release|Any CPU.ActiveCfg = Release|Any CPU
		{8CA82EB1-0240-4744-A40E-BEF454BF11B5}.Release|Any CPU.Build.0 = Release|Any CPU
		{8CA82EB1-0240-4744-A40E-BEF454BF11B5}.Release|ARM.ActiveCfg = Release|Any CPU
		{8CA82EB1-0240-4744-A40E-BEF454BF11B5}.Release|ARM.Build.0 = Release|Any CPU
		{8CA82EB1-0240-4744-A40E-BEF454BF11B5}.Release|ARM64.ActiveCfg = Release|Any CPU
		{8CA82EB1-0240-4744-A40E-BEF454BF11B5}.Release|ARM64.Build.0 = Release|Any CPU
		{8CA82EB1-0240-4744-A40E-BEF454BF11B5}.Release|x64.ActiveCfg = Release|Any CPU
		{8CA82EB1-0240-4744-A40E-BEF454BF11B5}.Release|x64.Build.0 = Release|Any CPU
		{8CA82EB1-0240-4744-A40E-BEF454BF11B5}.Release|x86.ActiveCfg = Release|Any CPU
		{8CA82EB1-0240-4744-A40E-BEF454BF11B5}.Release|x86.Build.0 = Release|Any CPU
		{469C750E-7E80-472B-8C16-A7AD221DAE86}.Debug|Any CPU.ActiveCfg = Debug|Any CPU
		{469C750E-7E80-472B-8C16-A7AD221DAE86}.Debug|Any CPU.Build.0 = Debug|Any CPU
		{469C750E-7E80-472B-8C16-A7AD221DAE86}.Debug|ARM.ActiveCfg = Debug|Any CPU
		{469C750E-7E80-472B-8C16-A7AD221DAE86}.Debug|ARM.Build.0 = Debug|Any CPU
		{469C750E-7E80-472B-8C16-A7AD221DAE86}.Debug|ARM64.ActiveCfg = Debug|Any CPU
		{469C750E-7E80-472B-8C16-A7AD221DAE86}.Debug|ARM64.Build.0 = Debug|Any CPU
		{469C750E-7E80-472B-8C16-A7AD221DAE86}.Debug|x64.ActiveCfg = Debug|Any CPU
		{469C750E-7E80-472B-8C16-A7AD221DAE86}.Debug|x64.Build.0 = Debug|Any CPU
		{469C750E-7E80-472B-8C16-A7AD221DAE86}.Debug|x86.ActiveCfg = Debug|Any CPU
		{469C750E-7E80-472B-8C16-A7AD221DAE86}.Debug|x86.Build.0 = Debug|Any CPU
		{469C750E-7E80-472B-8C16-A7AD221DAE86}.Release|Any CPU.ActiveCfg = Release|Any CPU
		{469C750E-7E80-472B-8C16-A7AD221DAE86}.Release|Any CPU.Build.0 = Release|Any CPU
		{469C750E-7E80-472B-8C16-A7AD221DAE86}.Release|ARM.ActiveCfg = Release|Any CPU
		{469C750E-7E80-472B-8C16-A7AD221DAE86}.Release|ARM.Build.0 = Release|Any CPU
		{469C750E-7E80-472B-8C16-A7AD221DAE86}.Release|ARM64.ActiveCfg = Release|Any CPU
		{469C750E-7E80-472B-8C16-A7AD221DAE86}.Release|ARM64.Build.0 = Release|Any CPU
		{469C750E-7E80-472B-8C16-A7AD221DAE86}.Release|x64.ActiveCfg = Release|Any CPU
		{469C750E-7E80-472B-8C16-A7AD221DAE86}.Release|x64.Build.0 = Release|Any CPU
		{469C750E-7E80-472B-8C16-A7AD221DAE86}.Release|x86.ActiveCfg = Release|Any CPU
		{469C750E-7E80-472B-8C16-A7AD221DAE86}.Release|x86.Build.0 = Release|Any CPU
		{409FE957-77C4-40E9-80F2-EBE26676645E}.Debug|Any CPU.ActiveCfg = Debug|Any CPU
		{409FE957-77C4-40E9-80F2-EBE26676645E}.Debug|Any CPU.Build.0 = Debug|Any CPU
		{409FE957-77C4-40E9-80F2-EBE26676645E}.Debug|ARM.ActiveCfg = Debug|Any CPU
		{409FE957-77C4-40E9-80F2-EBE26676645E}.Debug|ARM.Build.0 = Debug|Any CPU
		{409FE957-77C4-40E9-80F2-EBE26676645E}.Debug|ARM64.ActiveCfg = Debug|Any CPU
		{409FE957-77C4-40E9-80F2-EBE26676645E}.Debug|ARM64.Build.0 = Debug|Any CPU
		{409FE957-77C4-40E9-80F2-EBE26676645E}.Debug|x64.ActiveCfg = Debug|Any CPU
		{409FE957-77C4-40E9-80F2-EBE26676645E}.Debug|x64.Build.0 = Debug|Any CPU
		{409FE957-77C4-40E9-80F2-EBE26676645E}.Debug|x86.ActiveCfg = Debug|Any CPU
		{409FE957-77C4-40E9-80F2-EBE26676645E}.Debug|x86.Build.0 = Debug|Any CPU
		{409FE957-77C4-40E9-80F2-EBE26676645E}.Release|Any CPU.ActiveCfg = Release|Any CPU
		{409FE957-77C4-40E9-80F2-EBE26676645E}.Release|Any CPU.Build.0 = Release|Any CPU
		{409FE957-77C4-40E9-80F2-EBE26676645E}.Release|ARM.ActiveCfg = Release|Any CPU
		{409FE957-77C4-40E9-80F2-EBE26676645E}.Release|ARM.Build.0 = Release|Any CPU
		{409FE957-77C4-40E9-80F2-EBE26676645E}.Release|ARM64.ActiveCfg = Release|Any CPU
		{409FE957-77C4-40E9-80F2-EBE26676645E}.Release|ARM64.Build.0 = Release|Any CPU
		{409FE957-77C4-40E9-80F2-EBE26676645E}.Release|x64.ActiveCfg = Release|Any CPU
		{409FE957-77C4-40E9-80F2-EBE26676645E}.Release|x64.Build.0 = Release|Any CPU
		{409FE957-77C4-40E9-80F2-EBE26676645E}.Release|x86.ActiveCfg = Release|Any CPU
		{409FE957-77C4-40E9-80F2-EBE26676645E}.Release|x86.Build.0 = Release|Any CPU
		{48ED60BB-E01F-4395-978E-D25C11C25E52}.Debug|Any CPU.ActiveCfg = Debug|Any CPU
		{48ED60BB-E01F-4395-978E-D25C11C25E52}.Debug|Any CPU.Build.0 = Debug|Any CPU
		{48ED60BB-E01F-4395-978E-D25C11C25E52}.Debug|ARM.ActiveCfg = Debug|Any CPU
		{48ED60BB-E01F-4395-978E-D25C11C25E52}.Debug|ARM.Build.0 = Debug|Any CPU
		{48ED60BB-E01F-4395-978E-D25C11C25E52}.Debug|ARM64.ActiveCfg = Debug|Any CPU
		{48ED60BB-E01F-4395-978E-D25C11C25E52}.Debug|ARM64.Build.0 = Debug|Any CPU
		{48ED60BB-E01F-4395-978E-D25C11C25E52}.Debug|x64.ActiveCfg = Debug|Any CPU
		{48ED60BB-E01F-4395-978E-D25C11C25E52}.Debug|x64.Build.0 = Debug|Any CPU
		{48ED60BB-E01F-4395-978E-D25C11C25E52}.Debug|x86.ActiveCfg = Debug|Any CPU
		{48ED60BB-E01F-4395-978E-D25C11C25E52}.Debug|x86.Build.0 = Debug|Any CPU
		{48ED60BB-E01F-4395-978E-D25C11C25E52}.Release|Any CPU.ActiveCfg = Release|Any CPU
		{48ED60BB-E01F-4395-978E-D25C11C25E52}.Release|Any CPU.Build.0 = Release|Any CPU
		{48ED60BB-E01F-4395-978E-D25C11C25E52}.Release|ARM.ActiveCfg = Release|Any CPU
		{48ED60BB-E01F-4395-978E-D25C11C25E52}.Release|ARM.Build.0 = Release|Any CPU
		{48ED60BB-E01F-4395-978E-D25C11C25E52}.Release|ARM64.ActiveCfg = Release|Any CPU
		{48ED60BB-E01F-4395-978E-D25C11C25E52}.Release|ARM64.Build.0 = Release|Any CPU
		{48ED60BB-E01F-4395-978E-D25C11C25E52}.Release|x64.ActiveCfg = Release|Any CPU
		{48ED60BB-E01F-4395-978E-D25C11C25E52}.Release|x64.Build.0 = Release|Any CPU
		{48ED60BB-E01F-4395-978E-D25C11C25E52}.Release|x86.ActiveCfg = Release|Any CPU
		{48ED60BB-E01F-4395-978E-D25C11C25E52}.Release|x86.Build.0 = Release|Any CPU
		{6214312F-61F1-4F4C-A9E2-3383987DE266}.Debug|Any CPU.ActiveCfg = Debug|Any CPU
		{6214312F-61F1-4F4C-A9E2-3383987DE266}.Debug|Any CPU.Build.0 = Debug|Any CPU
		{6214312F-61F1-4F4C-A9E2-3383987DE266}.Debug|ARM.ActiveCfg = Debug|Any CPU
		{6214312F-61F1-4F4C-A9E2-3383987DE266}.Debug|ARM.Build.0 = Debug|Any CPU
		{6214312F-61F1-4F4C-A9E2-3383987DE266}.Debug|ARM64.ActiveCfg = Debug|Any CPU
		{6214312F-61F1-4F4C-A9E2-3383987DE266}.Debug|ARM64.Build.0 = Debug|Any CPU
		{6214312F-61F1-4F4C-A9E2-3383987DE266}.Debug|x64.ActiveCfg = Debug|Any CPU
		{6214312F-61F1-4F4C-A9E2-3383987DE266}.Debug|x64.Build.0 = Debug|Any CPU
		{6214312F-61F1-4F4C-A9E2-3383987DE266}.Debug|x86.ActiveCfg = Debug|Any CPU
		{6214312F-61F1-4F4C-A9E2-3383987DE266}.Debug|x86.Build.0 = Debug|Any CPU
		{6214312F-61F1-4F4C-A9E2-3383987DE266}.Release|Any CPU.ActiveCfg = Release|Any CPU
		{6214312F-61F1-4F4C-A9E2-3383987DE266}.Release|Any CPU.Build.0 = Release|Any CPU
		{6214312F-61F1-4F4C-A9E2-3383987DE266}.Release|ARM.ActiveCfg = Release|Any CPU
		{6214312F-61F1-4F4C-A9E2-3383987DE266}.Release|ARM.Build.0 = Release|Any CPU
		{6214312F-61F1-4F4C-A9E2-3383987DE266}.Release|ARM64.ActiveCfg = Release|Any CPU
		{6214312F-61F1-4F4C-A9E2-3383987DE266}.Release|ARM64.Build.0 = Release|Any CPU
		{6214312F-61F1-4F4C-A9E2-3383987DE266}.Release|x64.ActiveCfg = Release|Any CPU
		{6214312F-61F1-4F4C-A9E2-3383987DE266}.Release|x64.Build.0 = Release|Any CPU
		{6214312F-61F1-4F4C-A9E2-3383987DE266}.Release|x86.ActiveCfg = Release|Any CPU
		{6214312F-61F1-4F4C-A9E2-3383987DE266}.Release|x86.Build.0 = Release|Any CPU
		{60920D6B-248F-4E90-A34F-9BBB4F494209}.Debug|Any CPU.ActiveCfg = Debug|Any CPU
		{60920D6B-248F-4E90-A34F-9BBB4F494209}.Debug|Any CPU.Build.0 = Debug|Any CPU
		{60920D6B-248F-4E90-A34F-9BBB4F494209}.Debug|ARM.ActiveCfg = Debug|Any CPU
		{60920D6B-248F-4E90-A34F-9BBB4F494209}.Debug|ARM.Build.0 = Debug|Any CPU
		{60920D6B-248F-4E90-A34F-9BBB4F494209}.Debug|ARM64.ActiveCfg = Debug|Any CPU
		{60920D6B-248F-4E90-A34F-9BBB4F494209}.Debug|ARM64.Build.0 = Debug|Any CPU
		{60920D6B-248F-4E90-A34F-9BBB4F494209}.Debug|x64.ActiveCfg = Debug|Any CPU
		{60920D6B-248F-4E90-A34F-9BBB4F494209}.Debug|x64.Build.0 = Debug|Any CPU
		{60920D6B-248F-4E90-A34F-9BBB4F494209}.Debug|x86.ActiveCfg = Debug|Any CPU
		{60920D6B-248F-4E90-A34F-9BBB4F494209}.Debug|x86.Build.0 = Debug|Any CPU
		{60920D6B-248F-4E90-A34F-9BBB4F494209}.Release|Any CPU.ActiveCfg = Release|Any CPU
		{60920D6B-248F-4E90-A34F-9BBB4F494209}.Release|Any CPU.Build.0 = Release|Any CPU
		{60920D6B-248F-4E90-A34F-9BBB4F494209}.Release|ARM.ActiveCfg = Release|Any CPU
		{60920D6B-248F-4E90-A34F-9BBB4F494209}.Release|ARM.Build.0 = Release|Any CPU
		{60920D6B-248F-4E90-A34F-9BBB4F494209}.Release|ARM64.ActiveCfg = Release|Any CPU
		{60920D6B-248F-4E90-A34F-9BBB4F494209}.Release|ARM64.Build.0 = Release|Any CPU
		{60920D6B-248F-4E90-A34F-9BBB4F494209}.Release|x64.ActiveCfg = Release|Any CPU
		{60920D6B-248F-4E90-A34F-9BBB4F494209}.Release|x64.Build.0 = Release|Any CPU
		{60920D6B-248F-4E90-A34F-9BBB4F494209}.Release|x86.ActiveCfg = Release|Any CPU
		{60920D6B-248F-4E90-A34F-9BBB4F494209}.Release|x86.Build.0 = Release|Any CPU
		{01F564A1-BA9F-4BC4-A3AF-D9CDE4B654DE}.Debug|Any CPU.ActiveCfg = Debug|Any CPU
		{01F564A1-BA9F-4BC4-A3AF-D9CDE4B654DE}.Debug|Any CPU.Build.0 = Debug|Any CPU
		{01F564A1-BA9F-4BC4-A3AF-D9CDE4B654DE}.Debug|ARM.ActiveCfg = Debug|Any CPU
		{01F564A1-BA9F-4BC4-A3AF-D9CDE4B654DE}.Debug|ARM.Build.0 = Debug|Any CPU
		{01F564A1-BA9F-4BC4-A3AF-D9CDE4B654DE}.Debug|ARM64.ActiveCfg = Debug|Any CPU
		{01F564A1-BA9F-4BC4-A3AF-D9CDE4B654DE}.Debug|ARM64.Build.0 = Debug|Any CPU
		{01F564A1-BA9F-4BC4-A3AF-D9CDE4B654DE}.Debug|x64.ActiveCfg = Debug|Any CPU
		{01F564A1-BA9F-4BC4-A3AF-D9CDE4B654DE}.Debug|x64.Build.0 = Debug|Any CPU
		{01F564A1-BA9F-4BC4-A3AF-D9CDE4B654DE}.Debug|x86.ActiveCfg = Debug|Any CPU
		{01F564A1-BA9F-4BC4-A3AF-D9CDE4B654DE}.Debug|x86.Build.0 = Debug|Any CPU
		{01F564A1-BA9F-4BC4-A3AF-D9CDE4B654DE}.Release|Any CPU.ActiveCfg = Release|Any CPU
		{01F564A1-BA9F-4BC4-A3AF-D9CDE4B654DE}.Release|Any CPU.Build.0 = Release|Any CPU
		{01F564A1-BA9F-4BC4-A3AF-D9CDE4B654DE}.Release|ARM.ActiveCfg = Release|Any CPU
		{01F564A1-BA9F-4BC4-A3AF-D9CDE4B654DE}.Release|ARM.Build.0 = Release|Any CPU
		{01F564A1-BA9F-4BC4-A3AF-D9CDE4B654DE}.Release|ARM64.ActiveCfg = Release|Any CPU
		{01F564A1-BA9F-4BC4-A3AF-D9CDE4B654DE}.Release|ARM64.Build.0 = Release|Any CPU
		{01F564A1-BA9F-4BC4-A3AF-D9CDE4B654DE}.Release|x64.ActiveCfg = Release|Any CPU
		{01F564A1-BA9F-4BC4-A3AF-D9CDE4B654DE}.Release|x64.Build.0 = Release|Any CPU
		{01F564A1-BA9F-4BC4-A3AF-D9CDE4B654DE}.Release|x86.ActiveCfg = Release|Any CPU
		{01F564A1-BA9F-4BC4-A3AF-D9CDE4B654DE}.Release|x86.Build.0 = Release|Any CPU
		{C85EAF73-3491-4C67-9047-B677CC999184}.Debug|Any CPU.ActiveCfg = Debug|Any CPU
		{C85EAF73-3491-4C67-9047-B677CC999184}.Debug|Any CPU.Build.0 = Debug|Any CPU
		{C85EAF73-3491-4C67-9047-B677CC999184}.Debug|ARM.ActiveCfg = Debug|Any CPU
		{C85EAF73-3491-4C67-9047-B677CC999184}.Debug|ARM.Build.0 = Debug|Any CPU
		{C85EAF73-3491-4C67-9047-B677CC999184}.Debug|ARM64.ActiveCfg = Debug|Any CPU
		{C85EAF73-3491-4C67-9047-B677CC999184}.Debug|ARM64.Build.0 = Debug|Any CPU
		{C85EAF73-3491-4C67-9047-B677CC999184}.Debug|x64.ActiveCfg = Debug|Any CPU
		{C85EAF73-3491-4C67-9047-B677CC999184}.Debug|x64.Build.0 = Debug|Any CPU
		{C85EAF73-3491-4C67-9047-B677CC999184}.Debug|x86.ActiveCfg = Debug|Any CPU
		{C85EAF73-3491-4C67-9047-B677CC999184}.Debug|x86.Build.0 = Debug|Any CPU
		{C85EAF73-3491-4C67-9047-B677CC999184}.Release|Any CPU.ActiveCfg = Release|Any CPU
		{C85EAF73-3491-4C67-9047-B677CC999184}.Release|Any CPU.Build.0 = Release|Any CPU
		{C85EAF73-3491-4C67-9047-B677CC999184}.Release|ARM.ActiveCfg = Release|Any CPU
		{C85EAF73-3491-4C67-9047-B677CC999184}.Release|ARM.Build.0 = Release|Any CPU
		{C85EAF73-3491-4C67-9047-B677CC999184}.Release|ARM64.ActiveCfg = Release|Any CPU
		{C85EAF73-3491-4C67-9047-B677CC999184}.Release|ARM64.Build.0 = Release|Any CPU
		{C85EAF73-3491-4C67-9047-B677CC999184}.Release|x64.ActiveCfg = Release|Any CPU
		{C85EAF73-3491-4C67-9047-B677CC999184}.Release|x64.Build.0 = Release|Any CPU
		{C85EAF73-3491-4C67-9047-B677CC999184}.Release|x86.ActiveCfg = Release|Any CPU
		{C85EAF73-3491-4C67-9047-B677CC999184}.Release|x86.Build.0 = Release|Any CPU
	EndGlobalSection
	GlobalSection(SolutionProperties) = preSolution
		HideSolutionNode = FALSE
	EndGlobalSection
	GlobalSection(NestedProjects) = preSolution
		{409FE957-77C4-40E9-80F2-EBE26676645E} = {D6E372DC-10D3-4997-9DFC-568B4666635A}
		{48ED60BB-E01F-4395-978E-D25C11C25E52} = {D6E372DC-10D3-4997-9DFC-568B4666635A}
		{6214312F-61F1-4F4C-A9E2-3383987DE266} = {D6E372DC-10D3-4997-9DFC-568B4666635A}
		{01F564A1-BA9F-4BC4-A3AF-D9CDE4B654DE} = {D6E372DC-10D3-4997-9DFC-568B4666635A}
		{C85EAF73-3491-4C67-9047-B677CC999184} = {D6E372DC-10D3-4997-9DFC-568B4666635A}
	EndGlobalSection
	GlobalSection(ExtensibilityGlobals) = postSolution
		SolutionGuid = {1765ABAA-0652-4DA5-ABBF-05396F2957D7}
	EndGlobalSection
EndGlobal
