
Microsoft Visual Studio Solution File, Format Version 12.00
# Visual Studio 15
VisualStudioVersion = 15.0.26730.10
MinimumVisualStudioVersion = 10.0.40219.1
Project("{FAE04EC0-301F-11D3-BF4B-00C04F79EFBC}") = "RepoZ.Api", "RepoZ.Api\RepoZ.Api.csproj", "{8F74519B-B72D-4A5E-B20B-723543676E5E}"
EndProject
Project("{FAE04EC0-301F-11D3-BF4B-00C04F79EFBC}") = "RepoZ.Api.Win", "RepoZ.Api.Win\RepoZ.Api.Win.csproj", "{85C75358-4E23-4074-9376-8079C874BD1E}"
EndProject
Project("{FAE04EC0-301F-11D3-BF4B-00C04F79EFBC}") = "Tests", "Tests\Tests.csproj", "{A6B79146-761A-40C3-951D-7415297792FD}"
EndProject
Project("{FAE04EC0-301F-11D3-BF4B-00C04F79EFBC}") = "RepoZ.UI.Win.Wpf", "RepoZ.UI.Win.Wpf\RepoZ.UI.Win.Wpf.csproj", "{15B095B0-474F-46EE-A880-70EFA4204579}"
EndProject
Project("{FAE04EC0-301F-11D3-BF4B-00C04F79EFBC}") = "RepoZ.Api.Common", "RepoZ.Api.Common\RepoZ.Api.Common.csproj", "{8104948C-EB24-496B-B15B-D769535B7DAB}"
EndProject
Project("{FAE04EC0-301F-11D3-BF4B-00C04F79EFBC}") = "Specs", "Specs\Specs.csproj", "{C91C3255-637F-45D4-93C0-6A26B4E99FC1}"
EndProject
Project("{FAE04EC0-301F-11D3-BF4B-00C04F79EFBC}") = "Grr", "Grr\Grr.csproj", "{B6C5874E-BE3D-4981-87B8-DD5BB7B0A24E}"
EndProject
Global
	GlobalSection(SolutionConfigurationPlatforms) = preSolution
		Debug|Any CPU = Debug|Any CPU
		Debug|ARM = Debug|ARM
		Debug|x64 = Debug|x64
		Debug|x86 = Debug|x86
		Release|Any CPU = Release|Any CPU
		Release|ARM = Release|ARM
		Release|x64 = Release|x64
		Release|x86 = Release|x86
	EndGlobalSection
	GlobalSection(ProjectConfigurationPlatforms) = postSolution
		{8F74519B-B72D-4A5E-B20B-723543676E5E}.Debug|Any CPU.ActiveCfg = Debug|Any CPU
		{8F74519B-B72D-4A5E-B20B-723543676E5E}.Debug|Any CPU.Build.0 = Debug|Any CPU
		{8F74519B-B72D-4A5E-B20B-723543676E5E}.Debug|ARM.ActiveCfg = Debug|Any CPU
		{8F74519B-B72D-4A5E-B20B-723543676E5E}.Debug|ARM.Build.0 = Debug|Any CPU
		{8F74519B-B72D-4A5E-B20B-723543676E5E}.Debug|x64.ActiveCfg = Debug|Any CPU
		{8F74519B-B72D-4A5E-B20B-723543676E5E}.Debug|x64.Build.0 = Debug|Any CPU
		{8F74519B-B72D-4A5E-B20B-723543676E5E}.Debug|x86.ActiveCfg = Debug|Any CPU
		{8F74519B-B72D-4A5E-B20B-723543676E5E}.Debug|x86.Build.0 = Debug|Any CPU
		{8F74519B-B72D-4A5E-B20B-723543676E5E}.Release|Any CPU.ActiveCfg = Release|Any CPU
		{8F74519B-B72D-4A5E-B20B-723543676E5E}.Release|Any CPU.Build.0 = Release|Any CPU
		{8F74519B-B72D-4A5E-B20B-723543676E5E}.Release|ARM.ActiveCfg = Release|Any CPU
		{8F74519B-B72D-4A5E-B20B-723543676E5E}.Release|ARM.Build.0 = Release|Any CPU
		{8F74519B-B72D-4A5E-B20B-723543676E5E}.Release|x64.ActiveCfg = Release|Any CPU
		{8F74519B-B72D-4A5E-B20B-723543676E5E}.Release|x64.Build.0 = Release|Any CPU
		{8F74519B-B72D-4A5E-B20B-723543676E5E}.Release|x86.ActiveCfg = Release|Any CPU
		{8F74519B-B72D-4A5E-B20B-723543676E5E}.Release|x86.Build.0 = Release|Any CPU
		{85C75358-4E23-4074-9376-8079C874BD1E}.Debug|Any CPU.ActiveCfg = Debug|Any CPU
		{85C75358-4E23-4074-9376-8079C874BD1E}.Debug|Any CPU.Build.0 = Debug|Any CPU
		{85C75358-4E23-4074-9376-8079C874BD1E}.Debug|ARM.ActiveCfg = Debug|Any CPU
		{85C75358-4E23-4074-9376-8079C874BD1E}.Debug|ARM.Build.0 = Debug|Any CPU
		{85C75358-4E23-4074-9376-8079C874BD1E}.Debug|x64.ActiveCfg = Debug|Any CPU
		{85C75358-4E23-4074-9376-8079C874BD1E}.Debug|x64.Build.0 = Debug|Any CPU
		{85C75358-4E23-4074-9376-8079C874BD1E}.Debug|x86.ActiveCfg = Debug|Any CPU
		{85C75358-4E23-4074-9376-8079C874BD1E}.Debug|x86.Build.0 = Debug|Any CPU
		{85C75358-4E23-4074-9376-8079C874BD1E}.Release|Any CPU.ActiveCfg = Release|Any CPU
		{85C75358-4E23-4074-9376-8079C874BD1E}.Release|Any CPU.Build.0 = Release|Any CPU
		{85C75358-4E23-4074-9376-8079C874BD1E}.Release|ARM.ActiveCfg = Release|Any CPU
		{85C75358-4E23-4074-9376-8079C874BD1E}.Release|ARM.Build.0 = Release|Any CPU
		{85C75358-4E23-4074-9376-8079C874BD1E}.Release|x64.ActiveCfg = Release|Any CPU
		{85C75358-4E23-4074-9376-8079C874BD1E}.Release|x64.Build.0 = Release|Any CPU
		{85C75358-4E23-4074-9376-8079C874BD1E}.Release|x86.ActiveCfg = Release|Any CPU
		{85C75358-4E23-4074-9376-8079C874BD1E}.Release|x86.Build.0 = Release|Any CPU
		{A6B79146-761A-40C3-951D-7415297792FD}.Debug|Any CPU.ActiveCfg = Debug|Any CPU
		{A6B79146-761A-40C3-951D-7415297792FD}.Debug|Any CPU.Build.0 = Debug|Any CPU
		{A6B79146-761A-40C3-951D-7415297792FD}.Debug|ARM.ActiveCfg = Debug|Any CPU
		{A6B79146-761A-40C3-951D-7415297792FD}.Debug|ARM.Build.0 = Debug|Any CPU
		{A6B79146-761A-40C3-951D-7415297792FD}.Debug|x64.ActiveCfg = Debug|Any CPU
		{A6B79146-761A-40C3-951D-7415297792FD}.Debug|x64.Build.0 = Debug|Any CPU
		{A6B79146-761A-40C3-951D-7415297792FD}.Debug|x86.ActiveCfg = Debug|Any CPU
		{A6B79146-761A-40C3-951D-7415297792FD}.Debug|x86.Build.0 = Debug|Any CPU
		{A6B79146-761A-40C3-951D-7415297792FD}.Release|Any CPU.ActiveCfg = Release|Any CPU
		{A6B79146-761A-40C3-951D-7415297792FD}.Release|Any CPU.Build.0 = Release|Any CPU
		{A6B79146-761A-40C3-951D-7415297792FD}.Release|ARM.ActiveCfg = Release|Any CPU
		{A6B79146-761A-40C3-951D-7415297792FD}.Release|ARM.Build.0 = Release|Any CPU
		{A6B79146-761A-40C3-951D-7415297792FD}.Release|x64.ActiveCfg = Release|Any CPU
		{A6B79146-761A-40C3-951D-7415297792FD}.Release|x64.Build.0 = Release|Any CPU
		{A6B79146-761A-40C3-951D-7415297792FD}.Release|x86.ActiveCfg = Release|Any CPU
		{A6B79146-761A-40C3-951D-7415297792FD}.Release|x86.Build.0 = Release|Any CPU
		{15B095B0-474F-46EE-A880-70EFA4204579}.Debug|Any CPU.ActiveCfg = Debug|Any CPU
		{15B095B0-474F-46EE-A880-70EFA4204579}.Debug|Any CPU.Build.0 = Debug|Any CPU
		{15B095B0-474F-46EE-A880-70EFA4204579}.Debug|ARM.ActiveCfg = Debug|Any CPU
		{15B095B0-474F-46EE-A880-70EFA4204579}.Debug|ARM.Build.0 = Debug|Any CPU
		{15B095B0-474F-46EE-A880-70EFA4204579}.Debug|x64.ActiveCfg = Debug|Any CPU
		{15B095B0-474F-46EE-A880-70EFA4204579}.Debug|x64.Build.0 = Debug|Any CPU
		{15B095B0-474F-46EE-A880-70EFA4204579}.Debug|x86.ActiveCfg = Debug|Any CPU
		{15B095B0-474F-46EE-A880-70EFA4204579}.Debug|x86.Build.0 = Debug|Any CPU
		{15B095B0-474F-46EE-A880-70EFA4204579}.Release|Any CPU.ActiveCfg = Release|Any CPU
		{15B095B0-474F-46EE-A880-70EFA4204579}.Release|Any CPU.Build.0 = Release|Any CPU
		{15B095B0-474F-46EE-A880-70EFA4204579}.Release|ARM.ActiveCfg = Release|Any CPU
		{15B095B0-474F-46EE-A880-70EFA4204579}.Release|ARM.Build.0 = Release|Any CPU
		{15B095B0-474F-46EE-A880-70EFA4204579}.Release|x64.ActiveCfg = Release|Any CPU
		{15B095B0-474F-46EE-A880-70EFA4204579}.Release|x64.Build.0 = Release|Any CPU
		{15B095B0-474F-46EE-A880-70EFA4204579}.Release|x86.ActiveCfg = Release|Any CPU
		{15B095B0-474F-46EE-A880-70EFA4204579}.Release|x86.Build.0 = Release|Any CPU
		{8104948C-EB24-496B-B15B-D769535B7DAB}.Debug|Any CPU.ActiveCfg = Debug|Any CPU
		{8104948C-EB24-496B-B15B-D769535B7DAB}.Debug|Any CPU.Build.0 = Debug|Any CPU
		{8104948C-EB24-496B-B15B-D769535B7DAB}.Debug|ARM.ActiveCfg = Debug|Any CPU
		{8104948C-EB24-496B-B15B-D769535B7DAB}.Debug|ARM.Build.0 = Debug|Any CPU
		{8104948C-EB24-496B-B15B-D769535B7DAB}.Debug|x64.ActiveCfg = Debug|Any CPU
		{8104948C-EB24-496B-B15B-D769535B7DAB}.Debug|x64.Build.0 = Debug|Any CPU
		{8104948C-EB24-496B-B15B-D769535B7DAB}.Debug|x86.ActiveCfg = Debug|Any CPU
		{8104948C-EB24-496B-B15B-D769535B7DAB}.Debug|x86.Build.0 = Debug|Any CPU
		{8104948C-EB24-496B-B15B-D769535B7DAB}.Release|Any CPU.ActiveCfg = Release|Any CPU
		{8104948C-EB24-496B-B15B-D769535B7DAB}.Release|Any CPU.Build.0 = Release|Any CPU
		{8104948C-EB24-496B-B15B-D769535B7DAB}.Release|ARM.ActiveCfg = Release|Any CPU
		{8104948C-EB24-496B-B15B-D769535B7DAB}.Release|ARM.Build.0 = Release|Any CPU
		{8104948C-EB24-496B-B15B-D769535B7DAB}.Release|x64.ActiveCfg = Release|Any CPU
		{8104948C-EB24-496B-B15B-D769535B7DAB}.Release|x64.Build.0 = Release|Any CPU
		{8104948C-EB24-496B-B15B-D769535B7DAB}.Release|x86.ActiveCfg = Release|Any CPU
		{8104948C-EB24-496B-B15B-D769535B7DAB}.Release|x86.Build.0 = Release|Any CPU
		{C91C3255-637F-45D4-93C0-6A26B4E99FC1}.Debug|Any CPU.ActiveCfg = Debug|Any CPU
		{C91C3255-637F-45D4-93C0-6A26B4E99FC1}.Debug|Any CPU.Build.0 = Debug|Any CPU
		{C91C3255-637F-45D4-93C0-6A26B4E99FC1}.Debug|ARM.ActiveCfg = Debug|Any CPU
		{C91C3255-637F-45D4-93C0-6A26B4E99FC1}.Debug|ARM.Build.0 = Debug|Any CPU
		{C91C3255-637F-45D4-93C0-6A26B4E99FC1}.Debug|x64.ActiveCfg = Debug|Any CPU
		{C91C3255-637F-45D4-93C0-6A26B4E99FC1}.Debug|x64.Build.0 = Debug|Any CPU
		{C91C3255-637F-45D4-93C0-6A26B4E99FC1}.Debug|x86.ActiveCfg = Debug|Any CPU
		{C91C3255-637F-45D4-93C0-6A26B4E99FC1}.Debug|x86.Build.0 = Debug|Any CPU
		{C91C3255-637F-45D4-93C0-6A26B4E99FC1}.Release|Any CPU.ActiveCfg = Release|Any CPU
		{C91C3255-637F-45D4-93C0-6A26B4E99FC1}.Release|Any CPU.Build.0 = Release|Any CPU
		{C91C3255-637F-45D4-93C0-6A26B4E99FC1}.Release|ARM.ActiveCfg = Release|Any CPU
		{C91C3255-637F-45D4-93C0-6A26B4E99FC1}.Release|ARM.Build.0 = Release|Any CPU
		{C91C3255-637F-45D4-93C0-6A26B4E99FC1}.Release|x64.ActiveCfg = Release|Any CPU
		{C91C3255-637F-45D4-93C0-6A26B4E99FC1}.Release|x64.Build.0 = Release|Any CPU
		{C91C3255-637F-45D4-93C0-6A26B4E99FC1}.Release|x86.ActiveCfg = Release|Any CPU
		{C91C3255-637F-45D4-93C0-6A26B4E99FC1}.Release|x86.Build.0 = Release|Any CPU
		{B6C5874E-BE3D-4981-87B8-DD5BB7B0A24E}.Debug|Any CPU.ActiveCfg = Debug|Any CPU
		{B6C5874E-BE3D-4981-87B8-DD5BB7B0A24E}.Debug|Any CPU.Build.0 = Debug|Any CPU
		{B6C5874E-BE3D-4981-87B8-DD5BB7B0A24E}.Debug|ARM.ActiveCfg = Debug|Any CPU
		{B6C5874E-BE3D-4981-87B8-DD5BB7B0A24E}.Debug|ARM.Build.0 = Debug|Any CPU
		{B6C5874E-BE3D-4981-87B8-DD5BB7B0A24E}.Debug|x64.ActiveCfg = Debug|Any CPU
		{B6C5874E-BE3D-4981-87B8-DD5BB7B0A24E}.Debug|x64.Build.0 = Debug|Any CPU
		{B6C5874E-BE3D-4981-87B8-DD5BB7B0A24E}.Debug|x86.ActiveCfg = Debug|Any CPU
		{B6C5874E-BE3D-4981-87B8-DD5BB7B0A24E}.Debug|x86.Build.0 = Debug|Any CPU
		{B6C5874E-BE3D-4981-87B8-DD5BB7B0A24E}.Release|Any CPU.ActiveCfg = Release|Any CPU
		{B6C5874E-BE3D-4981-87B8-DD5BB7B0A24E}.Release|Any CPU.Build.0 = Release|Any CPU
		{B6C5874E-BE3D-4981-87B8-DD5BB7B0A24E}.Release|ARM.ActiveCfg = Release|Any CPU
		{B6C5874E-BE3D-4981-87B8-DD5BB7B0A24E}.Release|ARM.Build.0 = Release|Any CPU
		{B6C5874E-BE3D-4981-87B8-DD5BB7B0A24E}.Release|x64.ActiveCfg = Release|Any CPU
		{B6C5874E-BE3D-4981-87B8-DD5BB7B0A24E}.Release|x64.Build.0 = Release|Any CPU
		{B6C5874E-BE3D-4981-87B8-DD5BB7B0A24E}.Release|x86.ActiveCfg = Release|Any CPU
		{B6C5874E-BE3D-4981-87B8-DD5BB7B0A24E}.Release|x86.Build.0 = Release|Any CPU
	EndGlobalSection
	GlobalSection(SolutionProperties) = preSolution
		HideSolutionNode = FALSE
	EndGlobalSection
	GlobalSection(ExtensibilityGlobals) = postSolution
		SolutionGuid = {1765ABAA-0652-4DA5-ABBF-05396F2957D7}
	EndGlobalSection
EndGlobal
